
Microsoft Visual Studio Solution File, Format Version 12.00
# Visual Studio Version 16
VisualStudioVersion = 16.6.30114.105
MinimumVisualStudioVersion = 10.0.40219.1
Project("{2150E333-8FDC-42A3-9474-1A3956D46DE8}") = "Adapters", "Adapters", "{250CAF78-49C6-45DF-893E-35F91350B25B}"
EndProject
Project("{FAE04EC0-301F-11D3-BF4B-00C04F79EFBC}") = "Adapters.EF", "Adapters\Adapters.EF\Adapters.EF.csproj", "{0B87DA57-0962-4262-8948-7215C1EF36F8}"
EndProject
Project("{FAE04EC0-301F-11D3-BF4B-00C04F79EFBC}") = "Adapters.Rest", "Adapters\Adapters.Rest\Adapters.Rest.csproj", "{803745A2-95B8-448C-BAB7-720B3BE88FFA}"
EndProject
Project("{FAE04EC0-301F-11D3-BF4B-00C04F79EFBC}") = "Adapters.Zeebe", "Adapters\Adapters.Zeebe\Adapters.Zeebe.csproj", "{CEBABA8B-E20E-473D-BA4A-FE8694FA414B}"
EndProject
Project("{2150E333-8FDC-42A3-9474-1A3956D46DE8}") = "Domain", "Domain", "{8DF1549B-A4F6-474E-9ABC-C30E3ABE6D7E}"
EndProject
Project("{FAE04EC0-301F-11D3-BF4B-00C04F79EFBC}") = "Domain.Abstractions", "Domain\Domain.Abstractions\Domain.Abstractions.csproj", "{08CF36AC-90AD-4A40-A406-BEEFDB158DD5}"
EndProject
Project("{FAE04EC0-301F-11D3-BF4B-00C04F79EFBC}") = "Domain.Core", "Domain\Domain.Core\Domain.Core.csproj", "{BEB4D3A5-1307-4ABD-8E0C-4ACDF061D3F8}"
EndProject
Project("{2150E333-8FDC-42A3-9474-1A3956D46DE8}") = "Runtime", "Runtime", "{8FF2A273-4776-4136-8A0A-49B678357C2A}"
EndProject
Project("{FAE04EC0-301F-11D3-BF4B-00C04F79EFBC}") = "Runtime.Application", "Runtime\Runtime.Application\Runtime.Application.csproj", "{96DFD10C-D274-43BA-A149-06FED4C93580}"
EndProject
Project("{FAE04EC0-301F-11D3-BF4B-00C04F79EFBC}") = "Common.CQRS.Abstractions", "..\common-library\Common.CQRS.Abstractions\Common.CQRS.Abstractions.csproj", "{C177B7A7-A069-4892-A87B-DE505988EB1B}"
EndProject
Project("{FAE04EC0-301F-11D3-BF4B-00C04F79EFBC}") = "Common.CQRS", "..\common-library\Common.CQRS\Common.CQRS.csproj", "{5C66C98A-55F4-4FC7-99C6-8FB1F73DB119}"
EndProject
Project("{FAE04EC0-301F-11D3-BF4B-00C04F79EFBC}") = "Common.DDD.Abstractions", "..\common-library\Common.DDD.Abstractions\Common.DDD.Abstractions.csproj", "{3CC574E1-D612-485F-994F-8DBC411A6F83}"
EndProject
Project("{FAE04EC0-301F-11D3-BF4B-00C04F79EFBC}") = "Common.IAM.Abstractions", "..\common-library\Common.IAM.Abstractions\Common.IAM.Abstractions.csproj", "{4D6E1B3B-8AB9-48AB-8400-FD829BF7C773}"
EndProject
Project("{FAE04EC0-301F-11D3-BF4B-00C04F79EFBC}") = "Common.IAM", "..\common-library\Common.IAM\Common.IAM.csproj", "{6169A62C-845F-4CDD-8805-8E030080CC46}"
EndProject
Project("{FAE04EC0-301F-11D3-BF4B-00C04F79EFBC}") = "Common.UserTasks.Abstractions", "..\common-library\Common.UserTasks.Abstractions\Common.UserTasks.Abstractions.csproj", "{5D59DC52-A667-48CE-9A0E-56C5966026D0}"
EndProject
Project("{FAE04EC0-301F-11D3-BF4B-00C04F79EFBC}") = "Common.UserTasks", "..\common-library\Common.UserTasks\Common.UserTasks.csproj", "{CDA1CB69-93F5-4C0D-9A07-8BBE42BEFE7D}"
EndProject
Project("{FAE04EC0-301F-11D3-BF4B-00C04F79EFBC}") = "Domain.UseCases", "Domain\Domain.UseCases\Domain.UseCases.csproj", "{B20B92CB-6AD0-4B86-B20D-EAAF9858F511}"
EndProject
Project("{FAE04EC0-301F-11D3-BF4B-00C04F79EFBC}") = "Zeebe.Client.Bootstrap", "..\..\zeebe\zeebe-client-csharp-bootstrap\src\Zeebe.Client.Bootstrap\Zeebe.Client.Bootstrap.csproj", "{9E345291-1EFF-4AFE-A043-3D61416C9C50}"
EndProject
Project("{FAE04EC0-301F-11D3-BF4B-00C04F79EFBC}") = "Common.DDD", "..\common-library\Common.DDD\Common.DDD.csproj", "{CA9E5756-797E-4163-B1D6-078CC7676B4B}"
EndProject
Project("{FAE04EC0-301F-11D3-BF4B-00C04F79EFBC}") = "Adapters.SMTP", "Adapters\Adapters.SMTP\Adapters.SMTP.csproj", "{0A93F7DB-E555-4740-AAD5-67122FE238BA}"
EndProject
Global
	GlobalSection(SolutionConfigurationPlatforms) = preSolution
		Debug|Any CPU = Debug|Any CPU
		Debug|x64 = Debug|x64
		Debug|x86 = Debug|x86
		Release|Any CPU = Release|Any CPU
		Release|x64 = Release|x64
		Release|x86 = Release|x86
	EndGlobalSection
	GlobalSection(SolutionProperties) = preSolution
		HideSolutionNode = FALSE
	EndGlobalSection
	GlobalSection(ProjectConfigurationPlatforms) = postSolution
		{0B87DA57-0962-4262-8948-7215C1EF36F8}.Debug|Any CPU.ActiveCfg = Debug|Any CPU
		{0B87DA57-0962-4262-8948-7215C1EF36F8}.Debug|Any CPU.Build.0 = Debug|Any CPU
		{0B87DA57-0962-4262-8948-7215C1EF36F8}.Debug|x64.ActiveCfg = Debug|Any CPU
		{0B87DA57-0962-4262-8948-7215C1EF36F8}.Debug|x64.Build.0 = Debug|Any CPU
		{0B87DA57-0962-4262-8948-7215C1EF36F8}.Debug|x86.ActiveCfg = Debug|Any CPU
		{0B87DA57-0962-4262-8948-7215C1EF36F8}.Debug|x86.Build.0 = Debug|Any CPU
		{0B87DA57-0962-4262-8948-7215C1EF36F8}.Release|Any CPU.ActiveCfg = Release|Any CPU
		{0B87DA57-0962-4262-8948-7215C1EF36F8}.Release|Any CPU.Build.0 = Release|Any CPU
		{0B87DA57-0962-4262-8948-7215C1EF36F8}.Release|x64.ActiveCfg = Release|Any CPU
		{0B87DA57-0962-4262-8948-7215C1EF36F8}.Release|x64.Build.0 = Release|Any CPU
		{0B87DA57-0962-4262-8948-7215C1EF36F8}.Release|x86.ActiveCfg = Release|Any CPU
		{0B87DA57-0962-4262-8948-7215C1EF36F8}.Release|x86.Build.0 = Release|Any CPU
		{803745A2-95B8-448C-BAB7-720B3BE88FFA}.Debug|Any CPU.ActiveCfg = Debug|Any CPU
		{803745A2-95B8-448C-BAB7-720B3BE88FFA}.Debug|Any CPU.Build.0 = Debug|Any CPU
		{803745A2-95B8-448C-BAB7-720B3BE88FFA}.Debug|x64.ActiveCfg = Debug|Any CPU
		{803745A2-95B8-448C-BAB7-720B3BE88FFA}.Debug|x64.Build.0 = Debug|Any CPU
		{803745A2-95B8-448C-BAB7-720B3BE88FFA}.Debug|x86.ActiveCfg = Debug|Any CPU
		{803745A2-95B8-448C-BAB7-720B3BE88FFA}.Debug|x86.Build.0 = Debug|Any CPU
		{803745A2-95B8-448C-BAB7-720B3BE88FFA}.Release|Any CPU.ActiveCfg = Release|Any CPU
		{803745A2-95B8-448C-BAB7-720B3BE88FFA}.Release|Any CPU.Build.0 = Release|Any CPU
		{803745A2-95B8-448C-BAB7-720B3BE88FFA}.Release|x64.ActiveCfg = Release|Any CPU
		{803745A2-95B8-448C-BAB7-720B3BE88FFA}.Release|x64.Build.0 = Release|Any CPU
		{803745A2-95B8-448C-BAB7-720B3BE88FFA}.Release|x86.ActiveCfg = Release|Any CPU
		{803745A2-95B8-448C-BAB7-720B3BE88FFA}.Release|x86.Build.0 = Release|Any CPU
		{CEBABA8B-E20E-473D-BA4A-FE8694FA414B}.Debug|Any CPU.ActiveCfg = Debug|Any CPU
		{CEBABA8B-E20E-473D-BA4A-FE8694FA414B}.Debug|Any CPU.Build.0 = Debug|Any CPU
		{CEBABA8B-E20E-473D-BA4A-FE8694FA414B}.Debug|x64.ActiveCfg = Debug|Any CPU
		{CEBABA8B-E20E-473D-BA4A-FE8694FA414B}.Debug|x64.Build.0 = Debug|Any CPU
		{CEBABA8B-E20E-473D-BA4A-FE8694FA414B}.Debug|x86.ActiveCfg = Debug|Any CPU
		{CEBABA8B-E20E-473D-BA4A-FE8694FA414B}.Debug|x86.Build.0 = Debug|Any CPU
		{CEBABA8B-E20E-473D-BA4A-FE8694FA414B}.Release|Any CPU.ActiveCfg = Release|Any CPU
		{CEBABA8B-E20E-473D-BA4A-FE8694FA414B}.Release|Any CPU.Build.0 = Release|Any CPU
		{CEBABA8B-E20E-473D-BA4A-FE8694FA414B}.Release|x64.ActiveCfg = Release|Any CPU
		{CEBABA8B-E20E-473D-BA4A-FE8694FA414B}.Release|x64.Build.0 = Release|Any CPU
		{CEBABA8B-E20E-473D-BA4A-FE8694FA414B}.Release|x86.ActiveCfg = Release|Any CPU
		{CEBABA8B-E20E-473D-BA4A-FE8694FA414B}.Release|x86.Build.0 = Release|Any CPU
		{08CF36AC-90AD-4A40-A406-BEEFDB158DD5}.Debug|Any CPU.ActiveCfg = Debug|Any CPU
		{08CF36AC-90AD-4A40-A406-BEEFDB158DD5}.Debug|Any CPU.Build.0 = Debug|Any CPU
		{08CF36AC-90AD-4A40-A406-BEEFDB158DD5}.Debug|x64.ActiveCfg = Debug|Any CPU
		{08CF36AC-90AD-4A40-A406-BEEFDB158DD5}.Debug|x64.Build.0 = Debug|Any CPU
		{08CF36AC-90AD-4A40-A406-BEEFDB158DD5}.Debug|x86.ActiveCfg = Debug|Any CPU
		{08CF36AC-90AD-4A40-A406-BEEFDB158DD5}.Debug|x86.Build.0 = Debug|Any CPU
		{08CF36AC-90AD-4A40-A406-BEEFDB158DD5}.Release|Any CPU.ActiveCfg = Release|Any CPU
		{08CF36AC-90AD-4A40-A406-BEEFDB158DD5}.Release|Any CPU.Build.0 = Release|Any CPU
		{08CF36AC-90AD-4A40-A406-BEEFDB158DD5}.Release|x64.ActiveCfg = Release|Any CPU
		{08CF36AC-90AD-4A40-A406-BEEFDB158DD5}.Release|x64.Build.0 = Release|Any CPU
		{08CF36AC-90AD-4A40-A406-BEEFDB158DD5}.Release|x86.ActiveCfg = Release|Any CPU
		{08CF36AC-90AD-4A40-A406-BEEFDB158DD5}.Release|x86.Build.0 = Release|Any CPU
		{BEB4D3A5-1307-4ABD-8E0C-4ACDF061D3F8}.Debug|Any CPU.ActiveCfg = Debug|Any CPU
		{BEB4D3A5-1307-4ABD-8E0C-4ACDF061D3F8}.Debug|Any CPU.Build.0 = Debug|Any CPU
		{BEB4D3A5-1307-4ABD-8E0C-4ACDF061D3F8}.Debug|x64.ActiveCfg = Debug|Any CPU
		{BEB4D3A5-1307-4ABD-8E0C-4ACDF061D3F8}.Debug|x64.Build.0 = Debug|Any CPU
		{BEB4D3A5-1307-4ABD-8E0C-4ACDF061D3F8}.Debug|x86.ActiveCfg = Debug|Any CPU
		{BEB4D3A5-1307-4ABD-8E0C-4ACDF061D3F8}.Debug|x86.Build.0 = Debug|Any CPU
		{BEB4D3A5-1307-4ABD-8E0C-4ACDF061D3F8}.Release|Any CPU.ActiveCfg = Release|Any CPU
		{BEB4D3A5-1307-4ABD-8E0C-4ACDF061D3F8}.Release|Any CPU.Build.0 = Release|Any CPU
		{BEB4D3A5-1307-4ABD-8E0C-4ACDF061D3F8}.Release|x64.ActiveCfg = Release|Any CPU
		{BEB4D3A5-1307-4ABD-8E0C-4ACDF061D3F8}.Release|x64.Build.0 = Release|Any CPU
		{BEB4D3A5-1307-4ABD-8E0C-4ACDF061D3F8}.Release|x86.ActiveCfg = Release|Any CPU
		{BEB4D3A5-1307-4ABD-8E0C-4ACDF061D3F8}.Release|x86.Build.0 = Release|Any CPU
		{96DFD10C-D274-43BA-A149-06FED4C93580}.Debug|Any CPU.ActiveCfg = Debug|Any CPU
		{96DFD10C-D274-43BA-A149-06FED4C93580}.Debug|Any CPU.Build.0 = Debug|Any CPU
		{96DFD10C-D274-43BA-A149-06FED4C93580}.Debug|x64.ActiveCfg = Debug|Any CPU
		{96DFD10C-D274-43BA-A149-06FED4C93580}.Debug|x64.Build.0 = Debug|Any CPU
		{96DFD10C-D274-43BA-A149-06FED4C93580}.Debug|x86.ActiveCfg = Debug|Any CPU
		{96DFD10C-D274-43BA-A149-06FED4C93580}.Debug|x86.Build.0 = Debug|Any CPU
		{96DFD10C-D274-43BA-A149-06FED4C93580}.Release|Any CPU.ActiveCfg = Release|Any CPU
		{96DFD10C-D274-43BA-A149-06FED4C93580}.Release|Any CPU.Build.0 = Release|Any CPU
		{96DFD10C-D274-43BA-A149-06FED4C93580}.Release|x64.ActiveCfg = Release|Any CPU
		{96DFD10C-D274-43BA-A149-06FED4C93580}.Release|x64.Build.0 = Release|Any CPU
		{96DFD10C-D274-43BA-A149-06FED4C93580}.Release|x86.ActiveCfg = Release|Any CPU
		{96DFD10C-D274-43BA-A149-06FED4C93580}.Release|x86.Build.0 = Release|Any CPU
		{C177B7A7-A069-4892-A87B-DE505988EB1B}.Debug|Any CPU.ActiveCfg = Debug|Any CPU
		{C177B7A7-A069-4892-A87B-DE505988EB1B}.Debug|Any CPU.Build.0 = Debug|Any CPU
		{C177B7A7-A069-4892-A87B-DE505988EB1B}.Debug|x64.ActiveCfg = Debug|Any CPU
		{C177B7A7-A069-4892-A87B-DE505988EB1B}.Debug|x64.Build.0 = Debug|Any CPU
		{C177B7A7-A069-4892-A87B-DE505988EB1B}.Debug|x86.ActiveCfg = Debug|Any CPU
		{C177B7A7-A069-4892-A87B-DE505988EB1B}.Debug|x86.Build.0 = Debug|Any CPU
		{C177B7A7-A069-4892-A87B-DE505988EB1B}.Release|Any CPU.ActiveCfg = Release|Any CPU
		{C177B7A7-A069-4892-A87B-DE505988EB1B}.Release|Any CPU.Build.0 = Release|Any CPU
		{C177B7A7-A069-4892-A87B-DE505988EB1B}.Release|x64.ActiveCfg = Release|Any CPU
		{C177B7A7-A069-4892-A87B-DE505988EB1B}.Release|x64.Build.0 = Release|Any CPU
		{C177B7A7-A069-4892-A87B-DE505988EB1B}.Release|x86.ActiveCfg = Release|Any CPU
		{C177B7A7-A069-4892-A87B-DE505988EB1B}.Release|x86.Build.0 = Release|Any CPU
		{5C66C98A-55F4-4FC7-99C6-8FB1F73DB119}.Debug|Any CPU.ActiveCfg = Debug|Any CPU
		{5C66C98A-55F4-4FC7-99C6-8FB1F73DB119}.Debug|Any CPU.Build.0 = Debug|Any CPU
		{5C66C98A-55F4-4FC7-99C6-8FB1F73DB119}.Debug|x64.ActiveCfg = Debug|Any CPU
		{5C66C98A-55F4-4FC7-99C6-8FB1F73DB119}.Debug|x64.Build.0 = Debug|Any CPU
		{5C66C98A-55F4-4FC7-99C6-8FB1F73DB119}.Debug|x86.ActiveCfg = Debug|Any CPU
		{5C66C98A-55F4-4FC7-99C6-8FB1F73DB119}.Debug|x86.Build.0 = Debug|Any CPU
		{5C66C98A-55F4-4FC7-99C6-8FB1F73DB119}.Release|Any CPU.ActiveCfg = Release|Any CPU
		{5C66C98A-55F4-4FC7-99C6-8FB1F73DB119}.Release|Any CPU.Build.0 = Release|Any CPU
		{5C66C98A-55F4-4FC7-99C6-8FB1F73DB119}.Release|x64.ActiveCfg = Release|Any CPU
		{5C66C98A-55F4-4FC7-99C6-8FB1F73DB119}.Release|x64.Build.0 = Release|Any CPU
		{5C66C98A-55F4-4FC7-99C6-8FB1F73DB119}.Release|x86.ActiveCfg = Release|Any CPU
		{5C66C98A-55F4-4FC7-99C6-8FB1F73DB119}.Release|x86.Build.0 = Release|Any CPU
		{3CC574E1-D612-485F-994F-8DBC411A6F83}.Debug|Any CPU.ActiveCfg = Debug|Any CPU
		{3CC574E1-D612-485F-994F-8DBC411A6F83}.Debug|Any CPU.Build.0 = Debug|Any CPU
		{3CC574E1-D612-485F-994F-8DBC411A6F83}.Debug|x64.ActiveCfg = Debug|Any CPU
		{3CC574E1-D612-485F-994F-8DBC411A6F83}.Debug|x64.Build.0 = Debug|Any CPU
		{3CC574E1-D612-485F-994F-8DBC411A6F83}.Debug|x86.ActiveCfg = Debug|Any CPU
		{3CC574E1-D612-485F-994F-8DBC411A6F83}.Debug|x86.Build.0 = Debug|Any CPU
		{3CC574E1-D612-485F-994F-8DBC411A6F83}.Release|Any CPU.ActiveCfg = Release|Any CPU
		{3CC574E1-D612-485F-994F-8DBC411A6F83}.Release|Any CPU.Build.0 = Release|Any CPU
		{3CC574E1-D612-485F-994F-8DBC411A6F83}.Release|x64.ActiveCfg = Release|Any CPU
		{3CC574E1-D612-485F-994F-8DBC411A6F83}.Release|x64.Build.0 = Release|Any CPU
		{3CC574E1-D612-485F-994F-8DBC411A6F83}.Release|x86.ActiveCfg = Release|Any CPU
		{3CC574E1-D612-485F-994F-8DBC411A6F83}.Release|x86.Build.0 = Release|Any CPU
		{4D6E1B3B-8AB9-48AB-8400-FD829BF7C773}.Debug|Any CPU.ActiveCfg = Debug|Any CPU
		{4D6E1B3B-8AB9-48AB-8400-FD829BF7C773}.Debug|Any CPU.Build.0 = Debug|Any CPU
		{4D6E1B3B-8AB9-48AB-8400-FD829BF7C773}.Debug|x64.ActiveCfg = Debug|Any CPU
		{4D6E1B3B-8AB9-48AB-8400-FD829BF7C773}.Debug|x64.Build.0 = Debug|Any CPU
		{4D6E1B3B-8AB9-48AB-8400-FD829BF7C773}.Debug|x86.ActiveCfg = Debug|Any CPU
		{4D6E1B3B-8AB9-48AB-8400-FD829BF7C773}.Debug|x86.Build.0 = Debug|Any CPU
		{4D6E1B3B-8AB9-48AB-8400-FD829BF7C773}.Release|Any CPU.ActiveCfg = Release|Any CPU
		{4D6E1B3B-8AB9-48AB-8400-FD829BF7C773}.Release|Any CPU.Build.0 = Release|Any CPU
		{4D6E1B3B-8AB9-48AB-8400-FD829BF7C773}.Release|x64.ActiveCfg = Release|Any CPU
		{4D6E1B3B-8AB9-48AB-8400-FD829BF7C773}.Release|x64.Build.0 = Release|Any CPU
		{4D6E1B3B-8AB9-48AB-8400-FD829BF7C773}.Release|x86.ActiveCfg = Release|Any CPU
		{4D6E1B3B-8AB9-48AB-8400-FD829BF7C773}.Release|x86.Build.0 = Release|Any CPU
		{6169A62C-845F-4CDD-8805-8E030080CC46}.Debug|Any CPU.ActiveCfg = Debug|Any CPU
		{6169A62C-845F-4CDD-8805-8E030080CC46}.Debug|Any CPU.Build.0 = Debug|Any CPU
		{6169A62C-845F-4CDD-8805-8E030080CC46}.Debug|x64.ActiveCfg = Debug|Any CPU
		{6169A62C-845F-4CDD-8805-8E030080CC46}.Debug|x64.Build.0 = Debug|Any CPU
		{6169A62C-845F-4CDD-8805-8E030080CC46}.Debug|x86.ActiveCfg = Debug|Any CPU
		{6169A62C-845F-4CDD-8805-8E030080CC46}.Debug|x86.Build.0 = Debug|Any CPU
		{6169A62C-845F-4CDD-8805-8E030080CC46}.Release|Any CPU.ActiveCfg = Release|Any CPU
		{6169A62C-845F-4CDD-8805-8E030080CC46}.Release|Any CPU.Build.0 = Release|Any CPU
		{6169A62C-845F-4CDD-8805-8E030080CC46}.Release|x64.ActiveCfg = Release|Any CPU
		{6169A62C-845F-4CDD-8805-8E030080CC46}.Release|x64.Build.0 = Release|Any CPU
		{6169A62C-845F-4CDD-8805-8E030080CC46}.Release|x86.ActiveCfg = Release|Any CPU
		{6169A62C-845F-4CDD-8805-8E030080CC46}.Release|x86.Build.0 = Release|Any CPU
		{5D59DC52-A667-48CE-9A0E-56C5966026D0}.Debug|Any CPU.ActiveCfg = Debug|Any CPU
		{5D59DC52-A667-48CE-9A0E-56C5966026D0}.Debug|Any CPU.Build.0 = Debug|Any CPU
		{5D59DC52-A667-48CE-9A0E-56C5966026D0}.Debug|x64.ActiveCfg = Debug|Any CPU
		{5D59DC52-A667-48CE-9A0E-56C5966026D0}.Debug|x64.Build.0 = Debug|Any CPU
		{5D59DC52-A667-48CE-9A0E-56C5966026D0}.Debug|x86.ActiveCfg = Debug|Any CPU
		{5D59DC52-A667-48CE-9A0E-56C5966026D0}.Debug|x86.Build.0 = Debug|Any CPU
		{5D59DC52-A667-48CE-9A0E-56C5966026D0}.Release|Any CPU.ActiveCfg = Release|Any CPU
		{5D59DC52-A667-48CE-9A0E-56C5966026D0}.Release|Any CPU.Build.0 = Release|Any CPU
		{5D59DC52-A667-48CE-9A0E-56C5966026D0}.Release|x64.ActiveCfg = Release|Any CPU
		{5D59DC52-A667-48CE-9A0E-56C5966026D0}.Release|x64.Build.0 = Release|Any CPU
		{5D59DC52-A667-48CE-9A0E-56C5966026D0}.Release|x86.ActiveCfg = Release|Any CPU
		{5D59DC52-A667-48CE-9A0E-56C5966026D0}.Release|x86.Build.0 = Release|Any CPU
		{CDA1CB69-93F5-4C0D-9A07-8BBE42BEFE7D}.Debug|Any CPU.ActiveCfg = Debug|Any CPU
		{CDA1CB69-93F5-4C0D-9A07-8BBE42BEFE7D}.Debug|Any CPU.Build.0 = Debug|Any CPU
		{CDA1CB69-93F5-4C0D-9A07-8BBE42BEFE7D}.Debug|x64.ActiveCfg = Debug|Any CPU
		{CDA1CB69-93F5-4C0D-9A07-8BBE42BEFE7D}.Debug|x64.Build.0 = Debug|Any CPU
		{CDA1CB69-93F5-4C0D-9A07-8BBE42BEFE7D}.Debug|x86.ActiveCfg = Debug|Any CPU
		{CDA1CB69-93F5-4C0D-9A07-8BBE42BEFE7D}.Debug|x86.Build.0 = Debug|Any CPU
		{CDA1CB69-93F5-4C0D-9A07-8BBE42BEFE7D}.Release|Any CPU.ActiveCfg = Release|Any CPU
		{CDA1CB69-93F5-4C0D-9A07-8BBE42BEFE7D}.Release|Any CPU.Build.0 = Release|Any CPU
		{CDA1CB69-93F5-4C0D-9A07-8BBE42BEFE7D}.Release|x64.ActiveCfg = Release|Any CPU
		{CDA1CB69-93F5-4C0D-9A07-8BBE42BEFE7D}.Release|x64.Build.0 = Release|Any CPU
		{CDA1CB69-93F5-4C0D-9A07-8BBE42BEFE7D}.Release|x86.ActiveCfg = Release|Any CPU
		{CDA1CB69-93F5-4C0D-9A07-8BBE42BEFE7D}.Release|x86.Build.0 = Release|Any CPU
		{B20B92CB-6AD0-4B86-B20D-EAAF9858F511}.Debug|Any CPU.ActiveCfg = Debug|Any CPU
		{B20B92CB-6AD0-4B86-B20D-EAAF9858F511}.Debug|Any CPU.Build.0 = Debug|Any CPU
		{B20B92CB-6AD0-4B86-B20D-EAAF9858F511}.Debug|x64.ActiveCfg = Debug|Any CPU
		{B20B92CB-6AD0-4B86-B20D-EAAF9858F511}.Debug|x64.Build.0 = Debug|Any CPU
		{B20B92CB-6AD0-4B86-B20D-EAAF9858F511}.Debug|x86.ActiveCfg = Debug|Any CPU
		{B20B92CB-6AD0-4B86-B20D-EAAF9858F511}.Debug|x86.Build.0 = Debug|Any CPU
		{B20B92CB-6AD0-4B86-B20D-EAAF9858F511}.Release|Any CPU.ActiveCfg = Release|Any CPU
		{B20B92CB-6AD0-4B86-B20D-EAAF9858F511}.Release|Any CPU.Build.0 = Release|Any CPU
		{B20B92CB-6AD0-4B86-B20D-EAAF9858F511}.Release|x64.ActiveCfg = Release|Any CPU
		{B20B92CB-6AD0-4B86-B20D-EAAF9858F511}.Release|x64.Build.0 = Release|Any CPU
		{B20B92CB-6AD0-4B86-B20D-EAAF9858F511}.Release|x86.ActiveCfg = Release|Any CPU
		{B20B92CB-6AD0-4B86-B20D-EAAF9858F511}.Release|x86.Build.0 = Release|Any CPU
		{9E345291-1EFF-4AFE-A043-3D61416C9C50}.Debug|Any CPU.ActiveCfg = Debug|Any CPU
		{9E345291-1EFF-4AFE-A043-3D61416C9C50}.Debug|Any CPU.Build.0 = Debug|Any CPU
		{9E345291-1EFF-4AFE-A043-3D61416C9C50}.Debug|x64.ActiveCfg = Debug|Any CPU
		{9E345291-1EFF-4AFE-A043-3D61416C9C50}.Debug|x64.Build.0 = Debug|Any CPU
		{9E345291-1EFF-4AFE-A043-3D61416C9C50}.Debug|x86.ActiveCfg = Debug|Any CPU
		{9E345291-1EFF-4AFE-A043-3D61416C9C50}.Debug|x86.Build.0 = Debug|Any CPU
		{9E345291-1EFF-4AFE-A043-3D61416C9C50}.Release|Any CPU.ActiveCfg = Release|Any CPU
		{9E345291-1EFF-4AFE-A043-3D61416C9C50}.Release|Any CPU.Build.0 = Release|Any CPU
		{9E345291-1EFF-4AFE-A043-3D61416C9C50}.Release|x64.ActiveCfg = Release|Any CPU
		{9E345291-1EFF-4AFE-A043-3D61416C9C50}.Release|x64.Build.0 = Release|Any CPU
		{9E345291-1EFF-4AFE-A043-3D61416C9C50}.Release|x86.ActiveCfg = Release|Any CPU
		{9E345291-1EFF-4AFE-A043-3D61416C9C50}.Release|x86.Build.0 = Release|Any CPU
		{CA9E5756-797E-4163-B1D6-078CC7676B4B}.Debug|Any CPU.ActiveCfg = Debug|Any CPU
		{CA9E5756-797E-4163-B1D6-078CC7676B4B}.Debug|Any CPU.Build.0 = Debug|Any CPU
		{CA9E5756-797E-4163-B1D6-078CC7676B4B}.Debug|x64.ActiveCfg = Debug|Any CPU
		{CA9E5756-797E-4163-B1D6-078CC7676B4B}.Debug|x64.Build.0 = Debug|Any CPU
		{CA9E5756-797E-4163-B1D6-078CC7676B4B}.Debug|x86.ActiveCfg = Debug|Any CPU
		{CA9E5756-797E-4163-B1D6-078CC7676B4B}.Debug|x86.Build.0 = Debug|Any CPU
		{CA9E5756-797E-4163-B1D6-078CC7676B4B}.Release|Any CPU.ActiveCfg = Release|Any CPU
		{CA9E5756-797E-4163-B1D6-078CC7676B4B}.Release|Any CPU.Build.0 = Release|Any CPU
		{CA9E5756-797E-4163-B1D6-078CC7676B4B}.Release|x64.ActiveCfg = Release|Any CPU
		{CA9E5756-797E-4163-B1D6-078CC7676B4B}.Release|x64.Build.0 = Release|Any CPU
		{CA9E5756-797E-4163-B1D6-078CC7676B4B}.Release|x86.ActiveCfg = Release|Any CPU
		{CA9E5756-797E-4163-B1D6-078CC7676B4B}.Release|x86.Build.0 = Release|Any CPU
		{0A93F7DB-E555-4740-AAD5-67122FE238BA}.Debug|Any CPU.ActiveCfg = Debug|Any CPU
		{0A93F7DB-E555-4740-AAD5-67122FE238BA}.Debug|Any CPU.Build.0 = Debug|Any CPU
		{0A93F7DB-E555-4740-AAD5-67122FE238BA}.Debug|x64.ActiveCfg = Debug|Any CPU
		{0A93F7DB-E555-4740-AAD5-67122FE238BA}.Debug|x64.Build.0 = Debug|Any CPU
		{0A93F7DB-E555-4740-AAD5-67122FE238BA}.Debug|x86.ActiveCfg = Debug|Any CPU
		{0A93F7DB-E555-4740-AAD5-67122FE238BA}.Debug|x86.Build.0 = Debug|Any CPU
		{0A93F7DB-E555-4740-AAD5-67122FE238BA}.Release|Any CPU.ActiveCfg = Release|Any CPU
		{0A93F7DB-E555-4740-AAD5-67122FE238BA}.Release|Any CPU.Build.0 = Release|Any CPU
		{0A93F7DB-E555-4740-AAD5-67122FE238BA}.Release|x64.ActiveCfg = Release|Any CPU
		{0A93F7DB-E555-4740-AAD5-67122FE238BA}.Release|x64.Build.0 = Release|Any CPU
		{0A93F7DB-E555-4740-AAD5-67122FE238BA}.Release|x86.ActiveCfg = Release|Any CPU
		{0A93F7DB-E555-4740-AAD5-67122FE238BA}.Release|x86.Build.0 = Release|Any CPU
	EndGlobalSection
	GlobalSection(NestedProjects) = preSolution
		{0B87DA57-0962-4262-8948-7215C1EF36F8} = {250CAF78-49C6-45DF-893E-35F91350B25B}
		{803745A2-95B8-448C-BAB7-720B3BE88FFA} = {250CAF78-49C6-45DF-893E-35F91350B25B}
		{CEBABA8B-E20E-473D-BA4A-FE8694FA414B} = {250CAF78-49C6-45DF-893E-35F91350B25B}
		{08CF36AC-90AD-4A40-A406-BEEFDB158DD5} = {8DF1549B-A4F6-474E-9ABC-C30E3ABE6D7E}
		{BEB4D3A5-1307-4ABD-8E0C-4ACDF061D3F8} = {8DF1549B-A4F6-474E-9ABC-C30E3ABE6D7E}
		{96DFD10C-D274-43BA-A149-06FED4C93580} = {8FF2A273-4776-4136-8A0A-49B678357C2A}
		{B20B92CB-6AD0-4B86-B20D-EAAF9858F511} = {8DF1549B-A4F6-474E-9ABC-C30E3ABE6D7E}
		{0A93F7DB-E555-4740-AAD5-67122FE238BA} = {250CAF78-49C6-45DF-893E-35F91350B25B}
	EndGlobalSection
EndGlobal
