
Microsoft Visual Studio Solution File, Format Version 12.00
# Visual Studio Version 16
VisualStudioVersion = 16.6.30114.105
MinimumVisualStudioVersion = 10.0.40219.1
Project("{FAE04EC0-301F-11D3-BF4B-00C04F79EFBC}") = "UseCases", "UseCases\UseCases.csproj", "{6859871E-CBE9-497D-9B32-ABB27B1F7C96}"
EndProject
Project("{2150E333-8FDC-42A3-9474-1A3956D46DE8}") = "Adapters", "Adapters", "{7C185426-9C41-4567-841E-7D4D1DEAE995}"
EndProject
Project("{FAE04EC0-301F-11D3-BF4B-00C04F79EFBC}") = "Adapters.Events", "Adapters\Adapters.Events\Adapters.Events.csproj", "{7DB769AC-F66B-43DE-BF08-6942BE7708AB}"
EndProject
Project("{FAE04EC0-301F-11D3-BF4B-00C04F79EFBC}") = "Adapters.Rest", "Adapters\Adapters.Rest\Adapters.Rest.csproj", "{414F5F82-8BEE-43E4-ABEF-ED2E0B088CC5}"
EndProject
Project("{FAE04EC0-301F-11D3-BF4B-00C04F79EFBC}") = "Adapters.Zeebe", "Adapters\Adapters.Zeebe\Adapters.Zeebe.csproj", "{34E876F1-D4EA-46A8-925E-A1DB1743F1E8}"
EndProject
Project("{2150E333-8FDC-42A3-9474-1A3956D46DE8}") = "Domain", "Domain", "{3B0CA3DD-0FD7-493F-B46D-DDC41FE7F999}"
EndProject
Project("{FAE04EC0-301F-11D3-BF4B-00C04F79EFBC}") = "Domain.Abstractions", "Domain\Domain.Abstractions\Domain.Abstractions.csproj", "{B4D44ADA-5EB6-48B2-931A-3931503D89F5}"
EndProject
Project("{FAE04EC0-301F-11D3-BF4B-00C04F79EFBC}") = "Domain.Core", "Domain\Domain.Core\Domain.Core.csproj", "{602CA634-5870-4996-9E30-54E9354398DD}"
EndProject
Project("{2150E333-8FDC-42A3-9474-1A3956D46DE8}") = "Runtime", "Runtime", "{31612B91-5670-40F3-AE48-B97D2F540D47}"
EndProject
Project("{FAE04EC0-301F-11D3-BF4B-00C04F79EFBC}") = "Runtime.Application", "Runtime\Runtime.Application\Runtime.Application.csproj", "{E6CEBA61-D208-4902-B145-145270F820CA}"
EndProject
Project("{2150E333-8FDC-42A3-9474-1A3956D46DE8}") = "Synion", "Synion", "{6F3439E7-404C-4EAC-9A5A-BBAA6A22FDB4}"
EndProject
Project("{FAE04EC0-301F-11D3-BF4B-00C04F79EFBC}") = "Common.CQRS.Abstractions", "Common\Common.CQRS.Abstractions\Common.CQRS.Abstractions.csproj", "{2ED138E0-FCFD-4ED7-B406-25649C7A3C3B}"
EndProject
Project("{FAE04EC0-301F-11D3-BF4B-00C04F79EFBC}") = "Common.DDD.Abstractions", "Common\Common.DDD.Abstractions\Common.DDD.Abstractions.csproj", "{EF9738C0-EA5A-4EF3-9380-5D263BA213CB}"
EndProject
Project("{FAE04EC0-301F-11D3-BF4B-00C04F79EFBC}") = "Common.CQRS", "Common\Common.CQRS\Common.CQRS.csproj", "{649EBC6D-6A4A-4710-8663-8E503C7C75F3}"
EndProject
Project("{2150E333-8FDC-42A3-9474-1A3956D46DE8}") = "Common", "Common", "{2746296A-F393-4FE7-8B72-75329859654F}"
EndProject
Project("{FAE04EC0-301F-11D3-BF4B-00C04F79EFBC}") = "Common.IAM.Abstractions", "Common\Common.IAM.Abstractions\Common.IAM.Abstractions.csproj", "{2D857BA4-4211-4EC9-879D-2F8F7E3087E8}"
EndProject
Project("{FAE04EC0-301F-11D3-BF4B-00C04F79EFBC}") = "Common.IAM", "Common\Common.IAM\Common.IAM.csproj", "{7B58A29A-E6D4-4584-9175-8F76CBF480DF}"
EndProject
Project("{FAE04EC0-301F-11D3-BF4B-00C04F79EFBC}") = "Common.UserTasks.Abstractions", "Common\Common.UserTasks.Abstractions\Common.UserTasks.Abstractions.csproj", "{7585119B-142A-4D06-9F43-E73787FF4470}"
EndProject
Project("{FAE04EC0-301F-11D3-BF4B-00C04F79EFBC}") = "Common.UserTasks", "Common\Common.UserTasks\Common.UserTasks.csproj", "{B3CBD727-F413-4E76-BD60-2B551EA8E7DB}"
EndProject
Global
	GlobalSection(SolutionConfigurationPlatforms) = preSolution
		Debug|Any CPU = Debug|Any CPU
		Debug|x64 = Debug|x64
		Debug|x86 = Debug|x86
		Release|Any CPU = Release|Any CPU
		Release|x64 = Release|x64
		Release|x86 = Release|x86
	EndGlobalSection
	GlobalSection(SolutionProperties) = preSolution
		HideSolutionNode = FALSE
	EndGlobalSection
	GlobalSection(ProjectConfigurationPlatforms) = postSolution
		{6859871E-CBE9-497D-9B32-ABB27B1F7C96}.Debug|Any CPU.ActiveCfg = Debug|Any CPU
		{6859871E-CBE9-497D-9B32-ABB27B1F7C96}.Debug|Any CPU.Build.0 = Debug|Any CPU
		{6859871E-CBE9-497D-9B32-ABB27B1F7C96}.Debug|x64.ActiveCfg = Debug|Any CPU
		{6859871E-CBE9-497D-9B32-ABB27B1F7C96}.Debug|x64.Build.0 = Debug|Any CPU
		{6859871E-CBE9-497D-9B32-ABB27B1F7C96}.Debug|x86.ActiveCfg = Debug|Any CPU
		{6859871E-CBE9-497D-9B32-ABB27B1F7C96}.Debug|x86.Build.0 = Debug|Any CPU
		{6859871E-CBE9-497D-9B32-ABB27B1F7C96}.Release|Any CPU.ActiveCfg = Release|Any CPU
		{6859871E-CBE9-497D-9B32-ABB27B1F7C96}.Release|Any CPU.Build.0 = Release|Any CPU
		{6859871E-CBE9-497D-9B32-ABB27B1F7C96}.Release|x64.ActiveCfg = Release|Any CPU
		{6859871E-CBE9-497D-9B32-ABB27B1F7C96}.Release|x64.Build.0 = Release|Any CPU
		{6859871E-CBE9-497D-9B32-ABB27B1F7C96}.Release|x86.ActiveCfg = Release|Any CPU
		{6859871E-CBE9-497D-9B32-ABB27B1F7C96}.Release|x86.Build.0 = Release|Any CPU
		{7DB769AC-F66B-43DE-BF08-6942BE7708AB}.Debug|Any CPU.ActiveCfg = Debug|Any CPU
		{7DB769AC-F66B-43DE-BF08-6942BE7708AB}.Debug|Any CPU.Build.0 = Debug|Any CPU
		{7DB769AC-F66B-43DE-BF08-6942BE7708AB}.Debug|x64.ActiveCfg = Debug|Any CPU
		{7DB769AC-F66B-43DE-BF08-6942BE7708AB}.Debug|x64.Build.0 = Debug|Any CPU
		{7DB769AC-F66B-43DE-BF08-6942BE7708AB}.Debug|x86.ActiveCfg = Debug|Any CPU
		{7DB769AC-F66B-43DE-BF08-6942BE7708AB}.Debug|x86.Build.0 = Debug|Any CPU
		{7DB769AC-F66B-43DE-BF08-6942BE7708AB}.Release|Any CPU.ActiveCfg = Release|Any CPU
		{7DB769AC-F66B-43DE-BF08-6942BE7708AB}.Release|Any CPU.Build.0 = Release|Any CPU
		{7DB769AC-F66B-43DE-BF08-6942BE7708AB}.Release|x64.ActiveCfg = Release|Any CPU
		{7DB769AC-F66B-43DE-BF08-6942BE7708AB}.Release|x64.Build.0 = Release|Any CPU
		{7DB769AC-F66B-43DE-BF08-6942BE7708AB}.Release|x86.ActiveCfg = Release|Any CPU
		{7DB769AC-F66B-43DE-BF08-6942BE7708AB}.Release|x86.Build.0 = Release|Any CPU
		{414F5F82-8BEE-43E4-ABEF-ED2E0B088CC5}.Debug|Any CPU.ActiveCfg = Debug|Any CPU
		{414F5F82-8BEE-43E4-ABEF-ED2E0B088CC5}.Debug|Any CPU.Build.0 = Debug|Any CPU
		{414F5F82-8BEE-43E4-ABEF-ED2E0B088CC5}.Debug|x64.ActiveCfg = Debug|Any CPU
		{414F5F82-8BEE-43E4-ABEF-ED2E0B088CC5}.Debug|x64.Build.0 = Debug|Any CPU
		{414F5F82-8BEE-43E4-ABEF-ED2E0B088CC5}.Debug|x86.ActiveCfg = Debug|Any CPU
		{414F5F82-8BEE-43E4-ABEF-ED2E0B088CC5}.Debug|x86.Build.0 = Debug|Any CPU
		{414F5F82-8BEE-43E4-ABEF-ED2E0B088CC5}.Release|Any CPU.ActiveCfg = Release|Any CPU
		{414F5F82-8BEE-43E4-ABEF-ED2E0B088CC5}.Release|Any CPU.Build.0 = Release|Any CPU
		{414F5F82-8BEE-43E4-ABEF-ED2E0B088CC5}.Release|x64.ActiveCfg = Release|Any CPU
		{414F5F82-8BEE-43E4-ABEF-ED2E0B088CC5}.Release|x64.Build.0 = Release|Any CPU
		{414F5F82-8BEE-43E4-ABEF-ED2E0B088CC5}.Release|x86.ActiveCfg = Release|Any CPU
		{414F5F82-8BEE-43E4-ABEF-ED2E0B088CC5}.Release|x86.Build.0 = Release|Any CPU
		{34E876F1-D4EA-46A8-925E-A1DB1743F1E8}.Debug|Any CPU.ActiveCfg = Debug|Any CPU
		{34E876F1-D4EA-46A8-925E-A1DB1743F1E8}.Debug|Any CPU.Build.0 = Debug|Any CPU
		{34E876F1-D4EA-46A8-925E-A1DB1743F1E8}.Debug|x64.ActiveCfg = Debug|Any CPU
		{34E876F1-D4EA-46A8-925E-A1DB1743F1E8}.Debug|x64.Build.0 = Debug|Any CPU
		{34E876F1-D4EA-46A8-925E-A1DB1743F1E8}.Debug|x86.ActiveCfg = Debug|Any CPU
		{34E876F1-D4EA-46A8-925E-A1DB1743F1E8}.Debug|x86.Build.0 = Debug|Any CPU
		{34E876F1-D4EA-46A8-925E-A1DB1743F1E8}.Release|Any CPU.ActiveCfg = Release|Any CPU
		{34E876F1-D4EA-46A8-925E-A1DB1743F1E8}.Release|Any CPU.Build.0 = Release|Any CPU
		{34E876F1-D4EA-46A8-925E-A1DB1743F1E8}.Release|x64.ActiveCfg = Release|Any CPU
		{34E876F1-D4EA-46A8-925E-A1DB1743F1E8}.Release|x64.Build.0 = Release|Any CPU
		{34E876F1-D4EA-46A8-925E-A1DB1743F1E8}.Release|x86.ActiveCfg = Release|Any CPU
		{34E876F1-D4EA-46A8-925E-A1DB1743F1E8}.Release|x86.Build.0 = Release|Any CPU
		{B4D44ADA-5EB6-48B2-931A-3931503D89F5}.Debug|Any CPU.ActiveCfg = Debug|Any CPU
		{B4D44ADA-5EB6-48B2-931A-3931503D89F5}.Debug|Any CPU.Build.0 = Debug|Any CPU
		{B4D44ADA-5EB6-48B2-931A-3931503D89F5}.Debug|x64.ActiveCfg = Debug|Any CPU
		{B4D44ADA-5EB6-48B2-931A-3931503D89F5}.Debug|x64.Build.0 = Debug|Any CPU
		{B4D44ADA-5EB6-48B2-931A-3931503D89F5}.Debug|x86.ActiveCfg = Debug|Any CPU
		{B4D44ADA-5EB6-48B2-931A-3931503D89F5}.Debug|x86.Build.0 = Debug|Any CPU
		{B4D44ADA-5EB6-48B2-931A-3931503D89F5}.Release|Any CPU.ActiveCfg = Release|Any CPU
		{B4D44ADA-5EB6-48B2-931A-3931503D89F5}.Release|Any CPU.Build.0 = Release|Any CPU
		{B4D44ADA-5EB6-48B2-931A-3931503D89F5}.Release|x64.ActiveCfg = Release|Any CPU
		{B4D44ADA-5EB6-48B2-931A-3931503D89F5}.Release|x64.Build.0 = Release|Any CPU
		{B4D44ADA-5EB6-48B2-931A-3931503D89F5}.Release|x86.ActiveCfg = Release|Any CPU
		{B4D44ADA-5EB6-48B2-931A-3931503D89F5}.Release|x86.Build.0 = Release|Any CPU
		{602CA634-5870-4996-9E30-54E9354398DD}.Debug|Any CPU.ActiveCfg = Debug|Any CPU
		{602CA634-5870-4996-9E30-54E9354398DD}.Debug|Any CPU.Build.0 = Debug|Any CPU
		{602CA634-5870-4996-9E30-54E9354398DD}.Debug|x64.ActiveCfg = Debug|Any CPU
		{602CA634-5870-4996-9E30-54E9354398DD}.Debug|x64.Build.0 = Debug|Any CPU
		{602CA634-5870-4996-9E30-54E9354398DD}.Debug|x86.ActiveCfg = Debug|Any CPU
		{602CA634-5870-4996-9E30-54E9354398DD}.Debug|x86.Build.0 = Debug|Any CPU
		{602CA634-5870-4996-9E30-54E9354398DD}.Release|Any CPU.ActiveCfg = Release|Any CPU
		{602CA634-5870-4996-9E30-54E9354398DD}.Release|Any CPU.Build.0 = Release|Any CPU
		{602CA634-5870-4996-9E30-54E9354398DD}.Release|x64.ActiveCfg = Release|Any CPU
		{602CA634-5870-4996-9E30-54E9354398DD}.Release|x64.Build.0 = Release|Any CPU
		{602CA634-5870-4996-9E30-54E9354398DD}.Release|x86.ActiveCfg = Release|Any CPU
		{602CA634-5870-4996-9E30-54E9354398DD}.Release|x86.Build.0 = Release|Any CPU
		{E6CEBA61-D208-4902-B145-145270F820CA}.Debug|Any CPU.ActiveCfg = Debug|Any CPU
		{E6CEBA61-D208-4902-B145-145270F820CA}.Debug|Any CPU.Build.0 = Debug|Any CPU
		{E6CEBA61-D208-4902-B145-145270F820CA}.Debug|x64.ActiveCfg = Debug|Any CPU
		{E6CEBA61-D208-4902-B145-145270F820CA}.Debug|x64.Build.0 = Debug|Any CPU
		{E6CEBA61-D208-4902-B145-145270F820CA}.Debug|x86.ActiveCfg = Debug|Any CPU
		{E6CEBA61-D208-4902-B145-145270F820CA}.Debug|x86.Build.0 = Debug|Any CPU
		{E6CEBA61-D208-4902-B145-145270F820CA}.Release|Any CPU.ActiveCfg = Release|Any CPU
		{E6CEBA61-D208-4902-B145-145270F820CA}.Release|Any CPU.Build.0 = Release|Any CPU
		{E6CEBA61-D208-4902-B145-145270F820CA}.Release|x64.ActiveCfg = Release|Any CPU
		{E6CEBA61-D208-4902-B145-145270F820CA}.Release|x64.Build.0 = Release|Any CPU
		{E6CEBA61-D208-4902-B145-145270F820CA}.Release|x86.ActiveCfg = Release|Any CPU
		{E6CEBA61-D208-4902-B145-145270F820CA}.Release|x86.Build.0 = Release|Any CPU
		{2ED138E0-FCFD-4ED7-B406-25649C7A3C3B}.Debug|Any CPU.ActiveCfg = Debug|Any CPU
		{2ED138E0-FCFD-4ED7-B406-25649C7A3C3B}.Debug|Any CPU.Build.0 = Debug|Any CPU
		{2ED138E0-FCFD-4ED7-B406-25649C7A3C3B}.Debug|x64.ActiveCfg = Debug|Any CPU
		{2ED138E0-FCFD-4ED7-B406-25649C7A3C3B}.Debug|x64.Build.0 = Debug|Any CPU
		{2ED138E0-FCFD-4ED7-B406-25649C7A3C3B}.Debug|x86.ActiveCfg = Debug|Any CPU
		{2ED138E0-FCFD-4ED7-B406-25649C7A3C3B}.Debug|x86.Build.0 = Debug|Any CPU
		{2ED138E0-FCFD-4ED7-B406-25649C7A3C3B}.Release|Any CPU.ActiveCfg = Release|Any CPU
		{2ED138E0-FCFD-4ED7-B406-25649C7A3C3B}.Release|Any CPU.Build.0 = Release|Any CPU
		{2ED138E0-FCFD-4ED7-B406-25649C7A3C3B}.Release|x64.ActiveCfg = Release|Any CPU
		{2ED138E0-FCFD-4ED7-B406-25649C7A3C3B}.Release|x64.Build.0 = Release|Any CPU
		{2ED138E0-FCFD-4ED7-B406-25649C7A3C3B}.Release|x86.ActiveCfg = Release|Any CPU
		{2ED138E0-FCFD-4ED7-B406-25649C7A3C3B}.Release|x86.Build.0 = Release|Any CPU
		{EF9738C0-EA5A-4EF3-9380-5D263BA213CB}.Debug|Any CPU.ActiveCfg = Debug|Any CPU
		{EF9738C0-EA5A-4EF3-9380-5D263BA213CB}.Debug|Any CPU.Build.0 = Debug|Any CPU
		{EF9738C0-EA5A-4EF3-9380-5D263BA213CB}.Debug|x64.ActiveCfg = Debug|Any CPU
		{EF9738C0-EA5A-4EF3-9380-5D263BA213CB}.Debug|x64.Build.0 = Debug|Any CPU
		{EF9738C0-EA5A-4EF3-9380-5D263BA213CB}.Debug|x86.ActiveCfg = Debug|Any CPU
		{EF9738C0-EA5A-4EF3-9380-5D263BA213CB}.Debug|x86.Build.0 = Debug|Any CPU
		{EF9738C0-EA5A-4EF3-9380-5D263BA213CB}.Release|Any CPU.ActiveCfg = Release|Any CPU
		{EF9738C0-EA5A-4EF3-9380-5D263BA213CB}.Release|Any CPU.Build.0 = Release|Any CPU
		{EF9738C0-EA5A-4EF3-9380-5D263BA213CB}.Release|x64.ActiveCfg = Release|Any CPU
		{EF9738C0-EA5A-4EF3-9380-5D263BA213CB}.Release|x64.Build.0 = Release|Any CPU
		{EF9738C0-EA5A-4EF3-9380-5D263BA213CB}.Release|x86.ActiveCfg = Release|Any CPU
		{EF9738C0-EA5A-4EF3-9380-5D263BA213CB}.Release|x86.Build.0 = Release|Any CPU
		{649EBC6D-6A4A-4710-8663-8E503C7C75F3}.Debug|Any CPU.ActiveCfg = Debug|Any CPU
		{649EBC6D-6A4A-4710-8663-8E503C7C75F3}.Debug|Any CPU.Build.0 = Debug|Any CPU
		{649EBC6D-6A4A-4710-8663-8E503C7C75F3}.Debug|x64.ActiveCfg = Debug|Any CPU
		{649EBC6D-6A4A-4710-8663-8E503C7C75F3}.Debug|x64.Build.0 = Debug|Any CPU
		{649EBC6D-6A4A-4710-8663-8E503C7C75F3}.Debug|x86.ActiveCfg = Debug|Any CPU
		{649EBC6D-6A4A-4710-8663-8E503C7C75F3}.Debug|x86.Build.0 = Debug|Any CPU
		{649EBC6D-6A4A-4710-8663-8E503C7C75F3}.Release|Any CPU.ActiveCfg = Release|Any CPU
		{649EBC6D-6A4A-4710-8663-8E503C7C75F3}.Release|Any CPU.Build.0 = Release|Any CPU
		{649EBC6D-6A4A-4710-8663-8E503C7C75F3}.Release|x64.ActiveCfg = Release|Any CPU
		{649EBC6D-6A4A-4710-8663-8E503C7C75F3}.Release|x64.Build.0 = Release|Any CPU
		{649EBC6D-6A4A-4710-8663-8E503C7C75F3}.Release|x86.ActiveCfg = Release|Any CPU
		{649EBC6D-6A4A-4710-8663-8E503C7C75F3}.Release|x86.Build.0 = Release|Any CPU
		{2D857BA4-4211-4EC9-879D-2F8F7E3087E8}.Debug|Any CPU.ActiveCfg = Debug|Any CPU
		{2D857BA4-4211-4EC9-879D-2F8F7E3087E8}.Debug|Any CPU.Build.0 = Debug|Any CPU
		{2D857BA4-4211-4EC9-879D-2F8F7E3087E8}.Debug|x64.ActiveCfg = Debug|Any CPU
		{2D857BA4-4211-4EC9-879D-2F8F7E3087E8}.Debug|x64.Build.0 = Debug|Any CPU
		{2D857BA4-4211-4EC9-879D-2F8F7E3087E8}.Debug|x86.ActiveCfg = Debug|Any CPU
		{2D857BA4-4211-4EC9-879D-2F8F7E3087E8}.Debug|x86.Build.0 = Debug|Any CPU
		{2D857BA4-4211-4EC9-879D-2F8F7E3087E8}.Release|Any CPU.ActiveCfg = Release|Any CPU
		{2D857BA4-4211-4EC9-879D-2F8F7E3087E8}.Release|Any CPU.Build.0 = Release|Any CPU
		{2D857BA4-4211-4EC9-879D-2F8F7E3087E8}.Release|x64.ActiveCfg = Release|Any CPU
		{2D857BA4-4211-4EC9-879D-2F8F7E3087E8}.Release|x64.Build.0 = Release|Any CPU
		{2D857BA4-4211-4EC9-879D-2F8F7E3087E8}.Release|x86.ActiveCfg = Release|Any CPU
		{2D857BA4-4211-4EC9-879D-2F8F7E3087E8}.Release|x86.Build.0 = Release|Any CPU
		{7B58A29A-E6D4-4584-9175-8F76CBF480DF}.Debug|Any CPU.ActiveCfg = Debug|Any CPU
		{7B58A29A-E6D4-4584-9175-8F76CBF480DF}.Debug|Any CPU.Build.0 = Debug|Any CPU
		{7B58A29A-E6D4-4584-9175-8F76CBF480DF}.Debug|x64.ActiveCfg = Debug|Any CPU
		{7B58A29A-E6D4-4584-9175-8F76CBF480DF}.Debug|x64.Build.0 = Debug|Any CPU
		{7B58A29A-E6D4-4584-9175-8F76CBF480DF}.Debug|x86.ActiveCfg = Debug|Any CPU
		{7B58A29A-E6D4-4584-9175-8F76CBF480DF}.Debug|x86.Build.0 = Debug|Any CPU
		{7B58A29A-E6D4-4584-9175-8F76CBF480DF}.Release|Any CPU.ActiveCfg = Release|Any CPU
		{7B58A29A-E6D4-4584-9175-8F76CBF480DF}.Release|Any CPU.Build.0 = Release|Any CPU
		{7B58A29A-E6D4-4584-9175-8F76CBF480DF}.Release|x64.ActiveCfg = Release|Any CPU
		{7B58A29A-E6D4-4584-9175-8F76CBF480DF}.Release|x64.Build.0 = Release|Any CPU
		{7B58A29A-E6D4-4584-9175-8F76CBF480DF}.Release|x86.ActiveCfg = Release|Any CPU
		{7B58A29A-E6D4-4584-9175-8F76CBF480DF}.Release|x86.Build.0 = Release|Any CPU
		{7585119B-142A-4D06-9F43-E73787FF4470}.Debug|Any CPU.ActiveCfg = Debug|Any CPU
		{7585119B-142A-4D06-9F43-E73787FF4470}.Debug|Any CPU.Build.0 = Debug|Any CPU
		{7585119B-142A-4D06-9F43-E73787FF4470}.Debug|x64.ActiveCfg = Debug|Any CPU
		{7585119B-142A-4D06-9F43-E73787FF4470}.Debug|x64.Build.0 = Debug|Any CPU
		{7585119B-142A-4D06-9F43-E73787FF4470}.Debug|x86.ActiveCfg = Debug|Any CPU
		{7585119B-142A-4D06-9F43-E73787FF4470}.Debug|x86.Build.0 = Debug|Any CPU
		{7585119B-142A-4D06-9F43-E73787FF4470}.Release|Any CPU.ActiveCfg = Release|Any CPU
		{7585119B-142A-4D06-9F43-E73787FF4470}.Release|Any CPU.Build.0 = Release|Any CPU
		{7585119B-142A-4D06-9F43-E73787FF4470}.Release|x64.ActiveCfg = Release|Any CPU
		{7585119B-142A-4D06-9F43-E73787FF4470}.Release|x64.Build.0 = Release|Any CPU
		{7585119B-142A-4D06-9F43-E73787FF4470}.Release|x86.ActiveCfg = Release|Any CPU
		{7585119B-142A-4D06-9F43-E73787FF4470}.Release|x86.Build.0 = Release|Any CPU
		{B3CBD727-F413-4E76-BD60-2B551EA8E7DB}.Debug|Any CPU.ActiveCfg = Debug|Any CPU
		{B3CBD727-F413-4E76-BD60-2B551EA8E7DB}.Debug|Any CPU.Build.0 = Debug|Any CPU
		{B3CBD727-F413-4E76-BD60-2B551EA8E7DB}.Debug|x64.ActiveCfg = Debug|Any CPU
		{B3CBD727-F413-4E76-BD60-2B551EA8E7DB}.Debug|x64.Build.0 = Debug|Any CPU
		{B3CBD727-F413-4E76-BD60-2B551EA8E7DB}.Debug|x86.ActiveCfg = Debug|Any CPU
		{B3CBD727-F413-4E76-BD60-2B551EA8E7DB}.Debug|x86.Build.0 = Debug|Any CPU
		{B3CBD727-F413-4E76-BD60-2B551EA8E7DB}.Release|Any CPU.ActiveCfg = Release|Any CPU
		{B3CBD727-F413-4E76-BD60-2B551EA8E7DB}.Release|Any CPU.Build.0 = Release|Any CPU
		{B3CBD727-F413-4E76-BD60-2B551EA8E7DB}.Release|x64.ActiveCfg = Release|Any CPU
		{B3CBD727-F413-4E76-BD60-2B551EA8E7DB}.Release|x64.Build.0 = Release|Any CPU
		{B3CBD727-F413-4E76-BD60-2B551EA8E7DB}.Release|x86.ActiveCfg = Release|Any CPU
		{B3CBD727-F413-4E76-BD60-2B551EA8E7DB}.Release|x86.Build.0 = Release|Any CPU
	EndGlobalSection
	GlobalSection(NestedProjects) = preSolution
		{7DB769AC-F66B-43DE-BF08-6942BE7708AB} = {7C185426-9C41-4567-841E-7D4D1DEAE995}
		{414F5F82-8BEE-43E4-ABEF-ED2E0B088CC5} = {7C185426-9C41-4567-841E-7D4D1DEAE995}
		{34E876F1-D4EA-46A8-925E-A1DB1743F1E8} = {7C185426-9C41-4567-841E-7D4D1DEAE995}
		{B4D44ADA-5EB6-48B2-931A-3931503D89F5} = {3B0CA3DD-0FD7-493F-B46D-DDC41FE7F999}
		{602CA634-5870-4996-9E30-54E9354398DD} = {3B0CA3DD-0FD7-493F-B46D-DDC41FE7F999}
		{E6CEBA61-D208-4902-B145-145270F820CA} = {31612B91-5670-40F3-AE48-B97D2F540D47}
		{2ED138E0-FCFD-4ED7-B406-25649C7A3C3B} = {6F3439E7-404C-4EAC-9A5A-BBAA6A22FDB4}
		{EF9738C0-EA5A-4EF3-9380-5D263BA213CB} = {6F3439E7-404C-4EAC-9A5A-BBAA6A22FDB4}
		{649EBC6D-6A4A-4710-8663-8E503C7C75F3} = {6F3439E7-404C-4EAC-9A5A-BBAA6A22FDB4}
		{2D857BA4-4211-4EC9-879D-2F8F7E3087E8} = {2746296A-F393-4FE7-8B72-75329859654F}
		{7B58A29A-E6D4-4584-9175-8F76CBF480DF} = {2746296A-F393-4FE7-8B72-75329859654F}
		{7585119B-142A-4D06-9F43-E73787FF4470} = {2746296A-F393-4FE7-8B72-75329859654F}
		{B3CBD727-F413-4E76-BD60-2B551EA8E7DB} = {2746296A-F393-4FE7-8B72-75329859654F}
	EndGlobalSection
EndGlobal
